
Microsoft Visual Studio Solution File, Format Version 12.00
# Visual Studio Version 16
VisualStudioVersion = 16.0.30114.105
MinimumVisualStudioVersion = 10.0.40219.1
Project("{FAE04EC0-301F-11D3-BF4B-00C04F79EFBC}") = "Program_Port", "Program_Port\Program_Port.csproj", "{097C52EB-E38B-4D8A-BBD5-34583B97CE76}"
EndProject
Global
	GlobalSection(SolutionConfigurationPlatforms) = preSolution
		Debug|Any CPU = Debug|Any CPU
		Release|Any CPU = Release|Any CPU
	EndGlobalSection
	GlobalSection(ProjectConfigurationPlatforms) = postSolution
		{097C52EB-E38B-4D8A-BBD5-34583B97CE76}.Debug|Any CPU.ActiveCfg = Debug|Any CPU
		{097C52EB-E38B-4D8A-BBD5-34583B97CE76}.Debug|Any CPU.Build.0 = Debug|Any CPU
		{097C52EB-E38B-4D8A-BBD5-34583B97CE76}.Release|Any CPU.ActiveCfg = Release|Any CPU
		{097C52EB-E38B-4D8A-BBD5-34583B97CE76}.Release|Any CPU.Build.0 = Release|Any CPU
	EndGlobalSection
	GlobalSection(SolutionProperties) = preSolution
		HideSolutionNode = FALSE
	EndGlobalSection
	GlobalSection(ExtensibilityGlobals) = postSolution
		SolutionGuid = {0A693859-E8EB-4956-8F6B-811EAC229850}
	EndGlobalSection
EndGlobal
